
Microsoft Visual Studio Solution File, Format Version 11.00
# Visual Studio 2010
Project("{FAE04EC0-301F-11D3-BF4B-00C04F79EFBC}") = "Assembly-CSharp", "Assembly-CSharp.csproj", "{c0037e01-c12c-9175-ff0c-7ef55209c401}"
EndProject
Project("{FAE04EC0-301F-11D3-BF4B-00C04F79EFBC}") = "AstarPathfindingProject", "AstarPathfindingProject.csproj", "{6ebed4d2-4142-a638-0468-553c11463b14}"
EndProject
Project("{FAE04EC0-301F-11D3-BF4B-00C04F79EFBC}") = "AstarPathfindingProjectEditor", "AstarPathfindingProjectEditor.csproj", "{1d6c836d-be6c-7afa-ef97-729418beb961}"
EndProject
Project("{FAE04EC0-301F-11D3-BF4B-00C04F79EFBC}") = "PackageToolsEditor", "PackageToolsEditor.csproj", "{2368a3fd-9f7a-08e4-8f58-578bab809805}"
EndProject
Global
	GlobalSection(SolutionConfigurationPlatforms) = preSolution
		Debug|Any CPU = Debug|Any CPU
	EndGlobalSection
	GlobalSection(ProjectConfigurationPlatforms) = postSolution
		{c0037e01-c12c-9175-ff0c-7ef55209c401}.Debug|Any CPU.ActiveCfg = Debug|Any CPU
		{c0037e01-c12c-9175-ff0c-7ef55209c401}.Debug|Any CPU.Build.0 = Debug|Any CPU
		{6ebed4d2-4142-a638-0468-553c11463b14}.Debug|Any CPU.ActiveCfg = Debug|Any CPU
		{6ebed4d2-4142-a638-0468-553c11463b14}.Debug|Any CPU.Build.0 = Debug|Any CPU
		{1d6c836d-be6c-7afa-ef97-729418beb961}.Debug|Any CPU.ActiveCfg = Debug|Any CPU
		{1d6c836d-be6c-7afa-ef97-729418beb961}.Debug|Any CPU.Build.0 = Debug|Any CPU
		{2368a3fd-9f7a-08e4-8f58-578bab809805}.Debug|Any CPU.ActiveCfg = Debug|Any CPU
		{2368a3fd-9f7a-08e4-8f58-578bab809805}.Debug|Any CPU.Build.0 = Debug|Any CPU
	EndGlobalSection
	GlobalSection(SolutionProperties) = preSolution
		HideSolutionNode = FALSE
	EndGlobalSection
EndGlobal
